
Microsoft Visual Studio Solution File, Format Version 12.00
# Visual Studio Version 17
VisualStudioVersion = 17.8.34525.116
MinimumVisualStudioVersion = 10.0.40219.1
Project("{8BC9CEB8-8B4A-11D0-8D11-00A0C91BC942}") = "UDP-Server", "UDP-Server.vcxproj", "{FE9496B6-746C-4622-B7BC-FA5212BC9BF0}"
EndProject
Project("{8BC9CEB8-8B4A-11D0-8D11-00A0C91BC942}") = "UDP-Client", "..\UDP-Client\UDP-Client.vcxproj", "{BDC4277A-B287-4F51-BC48-6D96A17459FC}"
EndProject
Global
	GlobalSection(SolutionConfigurationPlatforms) = preSolution
		Debug|x64 = Debug|x64
		Debug|x86 = Debug|x86
		Release|x64 = Release|x64
		Release|x86 = Release|x86
	EndGlobalSection
	GlobalSection(ProjectConfigurationPlatforms) = postSolution
		{FE9496B6-746C-4622-B7BC-FA5212BC9BF0}.Debug|x64.ActiveCfg = Debug|x64
		{FE9496B6-746C-4622-B7BC-FA5212BC9BF0}.Debug|x64.Build.0 = Debug|x64
		{FE9496B6-746C-4622-B7BC-FA5212BC9BF0}.Debug|x86.ActiveCfg = Debug|Win32
		{FE9496B6-746C-4622-B7BC-FA5212BC9BF0}.Debug|x86.Build.0 = Debug|Win32
		{FE9496B6-746C-4622-B7BC-FA5212BC9BF0}.Release|x64.ActiveCfg = Release|x64
		{FE9496B6-746C-4622-B7BC-FA5212BC9BF0}.Release|x64.Build.0 = Release|x64
		{FE9496B6-746C-4622-B7BC-FA5212BC9BF0}.Release|x86.ActiveCfg = Release|Win32
		{FE9496B6-746C-4622-B7BC-FA5212BC9BF0}.Release|x86.Build.0 = Release|Win32
		{BDC4277A-B287-4F51-BC48-6D96A17459FC}.Debug|x64.ActiveCfg = Debug|x64
		{BDC4277A-B287-4F51-BC48-6D96A17459FC}.Debug|x64.Build.0 = Debug|x64
		{BDC4277A-B287-4F51-BC48-6D96A17459FC}.Debug|x86.ActiveCfg = Debug|Win32
		{BDC4277A-B287-4F51-BC48-6D96A17459FC}.Debug|x86.Build.0 = Debug|Win32
		{BDC4277A-B287-4F51-BC48-6D96A17459FC}.Release|x64.ActiveCfg = Release|x64
		{BDC4277A-B287-4F51-BC48-6D96A17459FC}.Release|x64.Build.0 = Release|x64
		{BDC4277A-B287-4F51-BC48-6D96A17459FC}.Release|x86.ActiveCfg = Release|Win32
		{BDC4277A-B287-4F51-BC48-6D96A17459FC}.Release|x86.Build.0 = Release|Win32
	EndGlobalSection
	GlobalSection(SolutionProperties) = preSolution
		HideSolutionNode = FALSE
	EndGlobalSection
	GlobalSection(ExtensibilityGlobals) = postSolution
		SolutionGuid = {FBA55E9B-71ED-4968-87E9-82FDAC61E0E0}
	EndGlobalSection
EndGlobal
